
Microsoft Visual Studio Solution File, Format Version 12.00
# Visual Studio Version 16
VisualStudioVersion = 16.0.29911.84
MinimumVisualStudioVersion = 10.0.40219.1
Project("{FAE04EC0-301F-11D3-BF4B-00C04F79EFBC}") = "VTKTest", "VTKTest.csproj", "{A43F7121-0372-4EB3-9512-E9BE0BE1E974}"
EndProject
Global
	GlobalSection(SolutionConfigurationPlatforms) = preSolution
		Debug|Any CPU = Debug|Any CPU
		Release|Any CPU = Release|Any CPU
	EndGlobalSection
	GlobalSection(ProjectConfigurationPlatforms) = postSolution
		{A43F7121-0372-4EB3-9512-E9BE0BE1E974}.Debug|Any CPU.ActiveCfg = Debug|Any CPU
		{A43F7121-0372-4EB3-9512-E9BE0BE1E974}.Debug|Any CPU.Build.0 = Debug|Any CPU
		{A43F7121-0372-4EB3-9512-E9BE0BE1E974}.Release|Any CPU.ActiveCfg = Release|Any CPU
		{A43F7121-0372-4EB3-9512-E9BE0BE1E974}.Release|Any CPU.Build.0 = Release|Any CPU
	EndGlobalSection
	GlobalSection(SolutionProperties) = preSolution
		HideSolutionNode = FALSE
	EndGlobalSection
	GlobalSection(ExtensibilityGlobals) = postSolution
		SolutionGuid = {3B368DA1-C6A1-40F9-AA20-AA2D7640F739}
	EndGlobalSection
EndGlobal
